
Microsoft Visual Studio Solution File, Format Version 12.00
# Visual Studio 14
VisualStudioVersion = 14.0.25420.1
MinimumVisualStudioVersion = 10.0.40219.1
Project("{8BC9CEB8-8B4A-11D0-8D11-00A0C91BC942}") = "FM", "CPP\7zip\UI\FileManager\FM.vcxproj", "{B0C2F6E9-7F91-4514-BC5E-F7F693DCD8F0}"
EndProject
Global
	GlobalSection(SolutionConfigurationPlatforms) = preSolution
		Debug|x64 = Debug|x64
		Debug|x86 = Debug|x86
		DebugU|x64 = DebugU|x64
		DebugU|x86 = DebugU|x86
		Release|x64 = Release|x64
		Release|x86 = Release|x86
		ReleaseU|x64 = ReleaseU|x64
		ReleaseU|x86 = ReleaseU|x86
		Template|x64 = Template|x64
		Template|x86 = Template|x86
	EndGlobalSection
	GlobalSection(ProjectConfigurationPlatforms) = postSolution
		{B0C2F6E9-7F91-4514-BC5E-F7F693DCD8F0}.Debug|x64.ActiveCfg = Debug|x64
		{B0C2F6E9-7F91-4514-BC5E-F7F693DCD8F0}.Debug|x64.Build.0 = Debug|x64
		{B0C2F6E9-7F91-4514-BC5E-F7F693DCD8F0}.Debug|x86.ActiveCfg = Debug|Win32
		{B0C2F6E9-7F91-4514-BC5E-F7F693DCD8F0}.Debug|x86.Build.0 = Debug|Win32
		{B0C2F6E9-7F91-4514-BC5E-F7F693DCD8F0}.DebugU|x64.ActiveCfg = DebugU|x64
		{B0C2F6E9-7F91-4514-BC5E-F7F693DCD8F0}.DebugU|x64.Build.0 = DebugU|x64
		{B0C2F6E9-7F91-4514-BC5E-F7F693DCD8F0}.DebugU|x86.ActiveCfg = DebugU|Win32
		{B0C2F6E9-7F91-4514-BC5E-F7F693DCD8F0}.DebugU|x86.Build.0 = DebugU|Win32
		{B0C2F6E9-7F91-4514-BC5E-F7F693DCD8F0}.Release|x64.ActiveCfg = Release|x64
		{B0C2F6E9-7F91-4514-BC5E-F7F693DCD8F0}.Release|x64.Build.0 = Release|x64
		{B0C2F6E9-7F91-4514-BC5E-F7F693DCD8F0}.Release|x86.ActiveCfg = Release|Win32
		{B0C2F6E9-7F91-4514-BC5E-F7F693DCD8F0}.Release|x86.Build.0 = Release|Win32
		{B0C2F6E9-7F91-4514-BC5E-F7F693DCD8F0}.ReleaseU|x64.ActiveCfg = ReleaseU|x64
		{B0C2F6E9-7F91-4514-BC5E-F7F693DCD8F0}.ReleaseU|x64.Build.0 = ReleaseU|x64
		{B0C2F6E9-7F91-4514-BC5E-F7F693DCD8F0}.ReleaseU|x86.ActiveCfg = ReleaseU|Win32
		{B0C2F6E9-7F91-4514-BC5E-F7F693DCD8F0}.ReleaseU|x86.Build.0 = ReleaseU|Win32
		{B0C2F6E9-7F91-4514-BC5E-F7F693DCD8F0}.Template|x64.ActiveCfg = Template|x64
		{B0C2F6E9-7F91-4514-BC5E-F7F693DCD8F0}.Template|x64.Build.0 = Template|x64
		{B0C2F6E9-7F91-4514-BC5E-F7F693DCD8F0}.Template|x86.ActiveCfg = Template|Win32
		{B0C2F6E9-7F91-4514-BC5E-F7F693DCD8F0}.Template|x86.Build.0 = Template|Win32
	EndGlobalSection
	GlobalSection(SolutionProperties) = preSolution
		HideSolutionNode = FALSE
	EndGlobalSection
EndGlobal
